
Microsoft Visual Studio Solution File, Format Version 12.00
# Visual Studio 14
VisualStudioVersion = 14.0.25420.1
MinimumVisualStudioVersion = 10.0.40219.1
Project("{2150E333-8FDC-42A3-9474-1A3956D46DE8}") = "src", "src", "{D17449FC-FC73-4A44-B17B-26DE9EC3B74A}"
EndProject
Project("{2150E333-8FDC-42A3-9474-1A3956D46DE8}") = "Solution Items", "Solution Items", "{926EBD25-F02D-4BB4-9809-8561558E4B1F}"
	ProjectSection(SolutionItems) = preProject
		global.json = global.json
	EndProjectSection
EndProject
Project("{8BB2217D-0F2D-49D1-97BC-3654ED321F3B}") = "Week7_2", "src\Week7_2\Week7_2.xproj", "{64FCF918-C758-4139-A9FA-24531F71C9B1}"
EndProject
Global
	GlobalSection(SolutionConfigurationPlatforms) = preSolution
		Debug|Any CPU = Debug|Any CPU
		Release|Any CPU = Release|Any CPU
	EndGlobalSection
	GlobalSection(ProjectConfigurationPlatforms) = postSolution
		{64FCF918-C758-4139-A9FA-24531F71C9B1}.Debug|Any CPU.ActiveCfg = Debug|Any CPU
		{64FCF918-C758-4139-A9FA-24531F71C9B1}.Debug|Any CPU.Build.0 = Debug|Any CPU
		{64FCF918-C758-4139-A9FA-24531F71C9B1}.Release|Any CPU.ActiveCfg = Release|Any CPU
		{64FCF918-C758-4139-A9FA-24531F71C9B1}.Release|Any CPU.Build.0 = Release|Any CPU
	EndGlobalSection
	GlobalSection(SolutionProperties) = preSolution
		HideSolutionNode = FALSE
	EndGlobalSection
	GlobalSection(NestedProjects) = preSolution
		{64FCF918-C758-4139-A9FA-24531F71C9B1} = {D17449FC-FC73-4A44-B17B-26DE9EC3B74A}
	EndGlobalSection
EndGlobal
